{
  "name": "load-test",
  "version": "1.0.0",
  "lockfileVersion": 3,
  "requires": true,
  "packages": {
    "": {
      "name": "load-test",
      "version": "1.0.0",
      "devDependencies": {
        "@types/k6": "^0.45.0",
        "typescript": "^5.2.2"
      }
    },
    "node_modules/@types/k6": {
      "version": "0.45.3",
      "resolved": "https://registry.npmjs.org/@types/k6/-/k6-0.45.3.tgz",
      "integrity": "sha512-HkB61Bz08E9462J72igdDf+M6uMn5GLEIYUxfojWcOm/7lLEapySgsEPVXYRyPbCX/xUn77iCG8PxOJnndNZzQ==",
      "dev": true,
      "license": "MIT"
    },
    "node_modules/typescript": {
      "version": "5.9.3",
      "resolved": "https://registry.npmjs.org/typescript/-/typescript-5.9.3.tgz",
      "integrity": "sha512-jl1vZzPDinLr9eUt3J/t7V6FgNEw9QjvBPdysz9KfQDD41fQrC2Y4vKQdiaUpFT4bXlb1RHhLpp8wtm6M5TgSw==",
      "dev": true,
      "license": "Apache-2.0",
      "bin": {
        "tsc": "bin/tsc",
        "tsserver": "bin/tsserver"
      },
      "engines": {
        "node": ">=14.17"
      }
    }
  }
}
